
Microsoft Visual Studio Solution File, Format Version 12.00
# Visual Studio Version 17
VisualStudioVersion = 17.5.33627.172
MinimumVisualStudioVersion = 10.0.40219.1
Project("{FAE04EC0-301F-11D3-BF4B-00C04F79EFBC}") = "Task_Quad_StudentManagement", "Task_Quad_StudentManagement.csproj", "{3A528466-C711-4BAB-9CA4-C48363A3FDEA}"
EndProject
Global
	GlobalSection(SolutionConfigurationPlatforms) = preSolution
		Debug|Any CPU = Debug|Any CPU
		Release|Any CPU = Release|Any CPU
	EndGlobalSection
	GlobalSection(ProjectConfigurationPlatforms) = postSolution
		{3A528466-C711-4BAB-9CA4-C48363A3FDEA}.Debug|Any CPU.ActiveCfg = Debug|Any CPU
		{3A528466-C711-4BAB-9CA4-C48363A3FDEA}.Debug|Any CPU.Build.0 = Debug|Any CPU
		{3A528466-C711-4BAB-9CA4-C48363A3FDEA}.Release|Any CPU.ActiveCfg = Release|Any CPU
		{3A528466-C711-4BAB-9CA4-C48363A3FDEA}.Release|Any CPU.Build.0 = Release|Any CPU
	EndGlobalSection
	GlobalSection(SolutionProperties) = preSolution
		HideSolutionNode = FALSE
	EndGlobalSection
	GlobalSection(ExtensibilityGlobals) = postSolution
		SolutionGuid = {8446E8BD-F22D-4ABE-80D5-38B254E01527}
	EndGlobalSection
EndGlobal
